<?xml version="1.0" encoding="utf-8"?>
<Project ToolsVersion="4.0" xmlns="http://schemas.microsoft.com/developer/msbuild/2003">
  <ItemGroup>
    <Filter Include="Assets">
      <UniqueIdentifier>{0923a489-623e-45cb-aa3d-1ae1cc1dccbf}</UniqueIdentifier>
    </Filter>
    <Filter Include="Assets\Build">
      <UniqueIdentifier>{213263db-67a0-4654-ac9e-c0b79928b20c}</UniqueIdentifier>
    </Filter>
    <Filter Include="Assets\Shaders">
      <UniqueIdentifier>{d9896adc-ed08-47f5-a461-2f8ffa0202b2}</UniqueIdentifier>
    </Filter>
    <Filter Include="Assets\Output">
      <UniqueIdentifier>{04785928-541c-4e63-9624-fba683a828cf}</UniqueIdentifier>
    </Filter>
    <Filter Include="Assets\Shaders\old">
      <UniqueIdentifier>{ddcff043-96d9-4a88-911c-3a512f5e2c9f}</UniqueIdentifier>
    </Filter>
  </ItemGroup>
  <ItemGroup>
    <None Include="Assets.inc">
      <Filter>Assets\Output</Filter>
    </None>
    <None Include="..\Build\CreateBuiltinData.bat">
      <Filter>Assets\Build</Filter>
    </None>
    <None Include="Shaders\Terrain-GS.glsl">
      <Filter>Assets\Shaders</Filter>
    </None>
    <None Include="Shaders\Generic-VS.glsl">
      <Filter>Assets\Shaders</Filter>
    </None>
    <None Include="Shaders\Sprite-GS.glsl">
      <Filter>Assets\Shaders</Filter>
    </None>
    <None Include="Shaders\FillGBuffer-PS.glsl">
      <Filter>Assets\Shaders</Filter>
    </None>
  </ItemGroup>
  <ItemGroup>
    <ClInclude Include="Shaders\Common.h">
      <Filter>Assets\Shaders\old</Filter>
    </ClInclude>
  </ItemGroup>
</Project>